
Microsoft Visual Studio Solution File, Format Version 12.00
# Visual Studio 15
VisualStudioVersion = 15.0.28307.960
MinimumVisualStudioVersion = 10.0.40219.1
Project("{FAE04EC0-301F-11D3-BF4B-00C04F79EFBC}") = "Meals", "Meals\Meals.csproj", "{71335E33-4EE9-4867-9628-761386119CCD}"
EndProject
Project("{FAE04EC0-301F-11D3-BF4B-00C04F79EFBC}") = "AppMeal.Android", "AppMeal\AppMeal.Android\AppMeal.Android.csproj", "{F05D18DE-3C23-4EA7-AF9C-A8C7D580B12A}"
EndProject
Project("{FAE04EC0-301F-11D3-BF4B-00C04F79EFBC}") = "AppMeal.iOS", "AppMeal\AppMeal.iOS\AppMeal.iOS.csproj", "{287DAC4E-441A-4B6E-8264-4D44FD9C702D}"
EndProject
Project("{FAE04EC0-301F-11D3-BF4B-00C04F79EFBC}") = "AppMeal.UWP", "AppMeal\AppMeal.UWP\AppMeal.UWP.csproj", "{AD366828-967E-4733-BDBB-300E25344A76}"
EndProject
Project("{FAE04EC0-301F-11D3-BF4B-00C04F79EFBC}") = "AppMeal", "AppMeal\AppMeal\AppMeal.csproj", "{7F0A731E-35CF-4B39-933A-EFBB84721590}"
EndProject
Global
	GlobalSection(SolutionConfigurationPlatforms) = preSolution
		Ad-Hoc|Any CPU = Ad-Hoc|Any CPU
		Ad-Hoc|ARM = Ad-Hoc|ARM
		Ad-Hoc|iPhone = Ad-Hoc|iPhone
		Ad-Hoc|iPhoneSimulator = Ad-Hoc|iPhoneSimulator
		Ad-Hoc|x64 = Ad-Hoc|x64
		Ad-Hoc|x86 = Ad-Hoc|x86
		AppStore|Any CPU = AppStore|Any CPU
		AppStore|ARM = AppStore|ARM
		AppStore|iPhone = AppStore|iPhone
		AppStore|iPhoneSimulator = AppStore|iPhoneSimulator
		AppStore|x64 = AppStore|x64
		AppStore|x86 = AppStore|x86
		Debug|Any CPU = Debug|Any CPU
		Debug|ARM = Debug|ARM
		Debug|iPhone = Debug|iPhone
		Debug|iPhoneSimulator = Debug|iPhoneSimulator
		Debug|x64 = Debug|x64
		Debug|x86 = Debug|x86
		Release|Any CPU = Release|Any CPU
		Release|ARM = Release|ARM
		Release|iPhone = Release|iPhone
		Release|iPhoneSimulator = Release|iPhoneSimulator
		Release|x64 = Release|x64
		Release|x86 = Release|x86
	EndGlobalSection
	GlobalSection(ProjectConfigurationPlatforms) = postSolution
		{71335E33-4EE9-4867-9628-761386119CCD}.Ad-Hoc|Any CPU.ActiveCfg = Release|Any CPU
		{71335E33-4EE9-4867-9628-761386119CCD}.Ad-Hoc|Any CPU.Build.0 = Release|Any CPU
		{71335E33-4EE9-4867-9628-761386119CCD}.Ad-Hoc|ARM.ActiveCfg = Release|Any CPU
		{71335E33-4EE9-4867-9628-761386119CCD}.Ad-Hoc|ARM.Build.0 = Release|Any CPU
		{71335E33-4EE9-4867-9628-761386119CCD}.Ad-Hoc|iPhone.ActiveCfg = Release|Any CPU
		{71335E33-4EE9-4867-9628-761386119CCD}.Ad-Hoc|iPhone.Build.0 = Release|Any CPU
		{71335E33-4EE9-4867-9628-761386119CCD}.Ad-Hoc|iPhoneSimulator.ActiveCfg = Release|Any CPU
		{71335E33-4EE9-4867-9628-761386119CCD}.Ad-Hoc|iPhoneSimulator.Build.0 = Release|Any CPU
		{71335E33-4EE9-4867-9628-761386119CCD}.Ad-Hoc|x64.ActiveCfg = Release|Any CPU
		{71335E33-4EE9-4867-9628-761386119CCD}.Ad-Hoc|x64.Build.0 = Release|Any CPU
		{71335E33-4EE9-4867-9628-761386119CCD}.Ad-Hoc|x86.ActiveCfg = Release|Any CPU
		{71335E33-4EE9-4867-9628-761386119CCD}.Ad-Hoc|x86.Build.0 = Release|Any CPU
		{71335E33-4EE9-4867-9628-761386119CCD}.AppStore|Any CPU.ActiveCfg = Release|Any CPU
		{71335E33-4EE9-4867-9628-761386119CCD}.AppStore|Any CPU.Build.0 = Release|Any CPU
		{71335E33-4EE9-4867-9628-761386119CCD}.AppStore|ARM.ActiveCfg = Release|Any CPU
		{71335E33-4EE9-4867-9628-761386119CCD}.AppStore|ARM.Build.0 = Release|Any CPU
		{71335E33-4EE9-4867-9628-761386119CCD}.AppStore|iPhone.ActiveCfg = Release|Any CPU
		{71335E33-4EE9-4867-9628-761386119CCD}.AppStore|iPhone.Build.0 = Release|Any CPU
		{71335E33-4EE9-4867-9628-761386119CCD}.AppStore|iPhoneSimulator.ActiveCfg = Release|Any CPU
		{71335E33-4EE9-4867-9628-761386119CCD}.AppStore|iPhoneSimulator.Build.0 = Release|Any CPU
		{71335E33-4EE9-4867-9628-761386119CCD}.AppStore|x64.ActiveCfg = Release|Any CPU
		{71335E33-4EE9-4867-9628-761386119CCD}.AppStore|x64.Build.0 = Release|Any CPU
		{71335E33-4EE9-4867-9628-761386119CCD}.AppStore|x86.ActiveCfg = Release|Any CPU
		{71335E33-4EE9-4867-9628-761386119CCD}.AppStore|x86.Build.0 = Release|Any CPU
		{71335E33-4EE9-4867-9628-761386119CCD}.Debug|Any CPU.ActiveCfg = Debug|Any CPU
		{71335E33-4EE9-4867-9628-761386119CCD}.Debug|Any CPU.Build.0 = Debug|Any CPU
		{71335E33-4EE9-4867-9628-761386119CCD}.Debug|ARM.ActiveCfg = Debug|Any CPU
		{71335E33-4EE9-4867-9628-761386119CCD}.Debug|ARM.Build.0 = Debug|Any CPU
		{71335E33-4EE9-4867-9628-761386119CCD}.Debug|iPhone.ActiveCfg = Debug|Any CPU
		{71335E33-4EE9-4867-9628-761386119CCD}.Debug|iPhone.Build.0 = Debug|Any CPU
		{71335E33-4EE9-4867-9628-761386119CCD}.Debug|iPhoneSimulator.ActiveCfg = Debug|Any CPU
		{71335E33-4EE9-4867-9628-761386119CCD}.Debug|iPhoneSimulator.Build.0 = Debug|Any CPU
		{71335E33-4EE9-4867-9628-761386119CCD}.Debug|x64.ActiveCfg = Debug|Any CPU
		{71335E33-4EE9-4867-9628-761386119CCD}.Debug|x64.Build.0 = Debug|Any CPU
		{71335E33-4EE9-4867-9628-761386119CCD}.Debug|x86.ActiveCfg = Debug|Any CPU
		{71335E33-4EE9-4867-9628-761386119CCD}.Debug|x86.Build.0 = Debug|Any CPU
		{71335E33-4EE9-4867-9628-761386119CCD}.Release|Any CPU.ActiveCfg = Release|Any CPU
		{71335E33-4EE9-4867-9628-761386119CCD}.Release|Any CPU.Build.0 = Release|Any CPU
		{71335E33-4EE9-4867-9628-761386119CCD}.Release|ARM.ActiveCfg = Release|Any CPU
		{71335E33-4EE9-4867-9628-761386119CCD}.Release|ARM.Build.0 = Release|Any CPU
		{71335E33-4EE9-4867-9628-761386119CCD}.Release|iPhone.ActiveCfg = Release|Any CPU
		{71335E33-4EE9-4867-9628-761386119CCD}.Release|iPhone.Build.0 = Release|Any CPU
		{71335E33-4EE9-4867-9628-761386119CCD}.Release|iPhoneSimulator.ActiveCfg = Release|Any CPU
		{71335E33-4EE9-4867-9628-761386119CCD}.Release|iPhoneSimulator.Build.0 = Release|Any CPU
		{71335E33-4EE9-4867-9628-761386119CCD}.Release|x64.ActiveCfg = Release|Any CPU
		{71335E33-4EE9-4867-9628-761386119CCD}.Release|x64.Build.0 = Release|Any CPU
		{71335E33-4EE9-4867-9628-761386119CCD}.Release|x86.ActiveCfg = Release|Any CPU
		{71335E33-4EE9-4867-9628-761386119CCD}.Release|x86.Build.0 = Release|Any CPU
		{F05D18DE-3C23-4EA7-AF9C-A8C7D580B12A}.Ad-Hoc|Any CPU.ActiveCfg = Release|Any CPU
		{F05D18DE-3C23-4EA7-AF9C-A8C7D580B12A}.Ad-Hoc|Any CPU.Build.0 = Release|Any CPU
		{F05D18DE-3C23-4EA7-AF9C-A8C7D580B12A}.Ad-Hoc|Any CPU.Deploy.0 = Release|Any CPU
		{F05D18DE-3C23-4EA7-AF9C-A8C7D580B12A}.Ad-Hoc|ARM.ActiveCfg = Release|Any CPU
		{F05D18DE-3C23-4EA7-AF9C-A8C7D580B12A}.Ad-Hoc|ARM.Build.0 = Release|Any CPU
		{F05D18DE-3C23-4EA7-AF9C-A8C7D580B12A}.Ad-Hoc|ARM.Deploy.0 = Release|Any CPU
		{F05D18DE-3C23-4EA7-AF9C-A8C7D580B12A}.Ad-Hoc|iPhone.ActiveCfg = Release|Any CPU
		{F05D18DE-3C23-4EA7-AF9C-A8C7D580B12A}.Ad-Hoc|iPhone.Build.0 = Release|Any CPU
		{F05D18DE-3C23-4EA7-AF9C-A8C7D580B12A}.Ad-Hoc|iPhone.Deploy.0 = Release|Any CPU
		{F05D18DE-3C23-4EA7-AF9C-A8C7D580B12A}.Ad-Hoc|iPhoneSimulator.ActiveCfg = Release|Any CPU
		{F05D18DE-3C23-4EA7-AF9C-A8C7D580B12A}.Ad-Hoc|iPhoneSimulator.Build.0 = Release|Any CPU
		{F05D18DE-3C23-4EA7-AF9C-A8C7D580B12A}.Ad-Hoc|iPhoneSimulator.Deploy.0 = Release|Any CPU
		{F05D18DE-3C23-4EA7-AF9C-A8C7D580B12A}.Ad-Hoc|x64.ActiveCfg = Release|Any CPU
		{F05D18DE-3C23-4EA7-AF9C-A8C7D580B12A}.Ad-Hoc|x64.Build.0 = Release|Any CPU
		{F05D18DE-3C23-4EA7-AF9C-A8C7D580B12A}.Ad-Hoc|x64.Deploy.0 = Release|Any CPU
		{F05D18DE-3C23-4EA7-AF9C-A8C7D580B12A}.Ad-Hoc|x86.ActiveCfg = Release|Any CPU
		{F05D18DE-3C23-4EA7-AF9C-A8C7D580B12A}.Ad-Hoc|x86.Build.0 = Release|Any CPU
		{F05D18DE-3C23-4EA7-AF9C-A8C7D580B12A}.Ad-Hoc|x86.Deploy.0 = Release|Any CPU
		{F05D18DE-3C23-4EA7-AF9C-A8C7D580B12A}.AppStore|Any CPU.ActiveCfg = Release|Any CPU
		{F05D18DE-3C23-4EA7-AF9C-A8C7D580B12A}.AppStore|Any CPU.Build.0 = Release|Any CPU
		{F05D18DE-3C23-4EA7-AF9C-A8C7D580B12A}.AppStore|Any CPU.Deploy.0 = Release|Any CPU
		{F05D18DE-3C23-4EA7-AF9C-A8C7D580B12A}.AppStore|ARM.ActiveCfg = Release|Any CPU
		{F05D18DE-3C23-4EA7-AF9C-A8C7D580B12A}.AppStore|ARM.Build.0 = Release|Any CPU
		{F05D18DE-3C23-4EA7-AF9C-A8C7D580B12A}.AppStore|ARM.Deploy.0 = Release|Any CPU
		{F05D18DE-3C23-4EA7-AF9C-A8C7D580B12A}.AppStore|iPhone.ActiveCfg = Release|Any CPU
		{F05D18DE-3C23-4EA7-AF9C-A8C7D580B12A}.AppStore|iPhone.Build.0 = Release|Any CPU
		{F05D18DE-3C23-4EA7-AF9C-A8C7D580B12A}.AppStore|iPhone.Deploy.0 = Release|Any CPU
		{F05D18DE-3C23-4EA7-AF9C-A8C7D580B12A}.AppStore|iPhoneSimulator.ActiveCfg = Release|Any CPU
		{F05D18DE-3C23-4EA7-AF9C-A8C7D580B12A}.AppStore|iPhoneSimulator.Build.0 = Release|Any CPU
		{F05D18DE-3C23-4EA7-AF9C-A8C7D580B12A}.AppStore|iPhoneSimulator.Deploy.0 = Release|Any CPU
		{F05D18DE-3C23-4EA7-AF9C-A8C7D580B12A}.AppStore|x64.ActiveCfg = Release|Any CPU
		{F05D18DE-3C23-4EA7-AF9C-A8C7D580B12A}.AppStore|x64.Build.0 = Release|Any CPU
		{F05D18DE-3C23-4EA7-AF9C-A8C7D580B12A}.AppStore|x64.Deploy.0 = Release|Any CPU
		{F05D18DE-3C23-4EA7-AF9C-A8C7D580B12A}.AppStore|x86.ActiveCfg = Release|Any CPU
		{F05D18DE-3C23-4EA7-AF9C-A8C7D580B12A}.AppStore|x86.Build.0 = Release|Any CPU
		{F05D18DE-3C23-4EA7-AF9C-A8C7D580B12A}.AppStore|x86.Deploy.0 = Release|Any CPU
		{F05D18DE-3C23-4EA7-AF9C-A8C7D580B12A}.Debug|Any CPU.ActiveCfg = Debug|Any CPU
		{F05D18DE-3C23-4EA7-AF9C-A8C7D580B12A}.Debug|Any CPU.Build.0 = Debug|Any CPU
		{F05D18DE-3C23-4EA7-AF9C-A8C7D580B12A}.Debug|Any CPU.Deploy.0 = Debug|Any CPU
		{F05D18DE-3C23-4EA7-AF9C-A8C7D580B12A}.Debug|ARM.ActiveCfg = Debug|Any CPU
		{F05D18DE-3C23-4EA7-AF9C-A8C7D580B12A}.Debug|ARM.Build.0 = Debug|Any CPU
		{F05D18DE-3C23-4EA7-AF9C-A8C7D580B12A}.Debug|ARM.Deploy.0 = Debug|Any CPU
		{F05D18DE-3C23-4EA7-AF9C-A8C7D580B12A}.Debug|iPhone.ActiveCfg = Debug|Any CPU
		{F05D18DE-3C23-4EA7-AF9C-A8C7D580B12A}.Debug|iPhone.Build.0 = Debug|Any CPU
		{F05D18DE-3C23-4EA7-AF9C-A8C7D580B12A}.Debug|iPhone.Deploy.0 = Debug|Any CPU
		{F05D18DE-3C23-4EA7-AF9C-A8C7D580B12A}.Debug|iPhoneSimulator.ActiveCfg = Debug|Any CPU
		{F05D18DE-3C23-4EA7-AF9C-A8C7D580B12A}.Debug|iPhoneSimulator.Build.0 = Debug|Any CPU
		{F05D18DE-3C23-4EA7-AF9C-A8C7D580B12A}.Debug|iPhoneSimulator.Deploy.0 = Debug|Any CPU
		{F05D18DE-3C23-4EA7-AF9C-A8C7D580B12A}.Debug|x64.ActiveCfg = Debug|Any CPU
		{F05D18DE-3C23-4EA7-AF9C-A8C7D580B12A}.Debug|x64.Build.0 = Debug|Any CPU
		{F05D18DE-3C23-4EA7-AF9C-A8C7D580B12A}.Debug|x64.Deploy.0 = Debug|Any CPU
		{F05D18DE-3C23-4EA7-AF9C-A8C7D580B12A}.Debug|x86.ActiveCfg = Debug|Any CPU
		{F05D18DE-3C23-4EA7-AF9C-A8C7D580B12A}.Debug|x86.Build.0 = Debug|Any CPU
		{F05D18DE-3C23-4EA7-AF9C-A8C7D580B12A}.Debug|x86.Deploy.0 = Debug|Any CPU
		{F05D18DE-3C23-4EA7-AF9C-A8C7D580B12A}.Release|Any CPU.ActiveCfg = Release|Any CPU
		{F05D18DE-3C23-4EA7-AF9C-A8C7D580B12A}.Release|Any CPU.Build.0 = Release|Any CPU
		{F05D18DE-3C23-4EA7-AF9C-A8C7D580B12A}.Release|Any CPU.Deploy.0 = Release|Any CPU
		{F05D18DE-3C23-4EA7-AF9C-A8C7D580B12A}.Release|ARM.ActiveCfg = Release|Any CPU
		{F05D18DE-3C23-4EA7-AF9C-A8C7D580B12A}.Release|ARM.Build.0 = Release|Any CPU
		{F05D18DE-3C23-4EA7-AF9C-A8C7D580B12A}.Release|ARM.Deploy.0 = Release|Any CPU
		{F05D18DE-3C23-4EA7-AF9C-A8C7D580B12A}.Release|iPhone.ActiveCfg = Release|Any CPU
		{F05D18DE-3C23-4EA7-AF9C-A8C7D580B12A}.Release|iPhone.Build.0 = Release|Any CPU
		{F05D18DE-3C23-4EA7-AF9C-A8C7D580B12A}.Release|iPhone.Deploy.0 = Release|Any CPU
		{F05D18DE-3C23-4EA7-AF9C-A8C7D580B12A}.Release|iPhoneSimulator.ActiveCfg = Release|Any CPU
		{F05D18DE-3C23-4EA7-AF9C-A8C7D580B12A}.Release|iPhoneSimulator.Build.0 = Release|Any CPU
		{F05D18DE-3C23-4EA7-AF9C-A8C7D580B12A}.Release|iPhoneSimulator.Deploy.0 = Release|Any CPU
		{F05D18DE-3C23-4EA7-AF9C-A8C7D580B12A}.Release|x64.ActiveCfg = Release|Any CPU
		{F05D18DE-3C23-4EA7-AF9C-A8C7D580B12A}.Release|x64.Build.0 = Release|Any CPU
		{F05D18DE-3C23-4EA7-AF9C-A8C7D580B12A}.Release|x64.Deploy.0 = Release|Any CPU
		{F05D18DE-3C23-4EA7-AF9C-A8C7D580B12A}.Release|x86.ActiveCfg = Release|Any CPU
		{F05D18DE-3C23-4EA7-AF9C-A8C7D580B12A}.Release|x86.Build.0 = Release|Any CPU
		{F05D18DE-3C23-4EA7-AF9C-A8C7D580B12A}.Release|x86.Deploy.0 = Release|Any CPU
		{287DAC4E-441A-4B6E-8264-4D44FD9C702D}.Ad-Hoc|Any CPU.ActiveCfg = Ad-Hoc|iPhone
		{287DAC4E-441A-4B6E-8264-4D44FD9C702D}.Ad-Hoc|ARM.ActiveCfg = Ad-Hoc|iPhone
		{287DAC4E-441A-4B6E-8264-4D44FD9C702D}.Ad-Hoc|iPhone.ActiveCfg = Ad-Hoc|iPhone
		{287DAC4E-441A-4B6E-8264-4D44FD9C702D}.Ad-Hoc|iPhone.Build.0 = Ad-Hoc|iPhone
		{287DAC4E-441A-4B6E-8264-4D44FD9C702D}.Ad-Hoc|iPhoneSimulator.ActiveCfg = Ad-Hoc|iPhoneSimulator
		{287DAC4E-441A-4B6E-8264-4D44FD9C702D}.Ad-Hoc|iPhoneSimulator.Build.0 = Ad-Hoc|iPhoneSimulator
		{287DAC4E-441A-4B6E-8264-4D44FD9C702D}.Ad-Hoc|x64.ActiveCfg = Ad-Hoc|iPhone
		{287DAC4E-441A-4B6E-8264-4D44FD9C702D}.Ad-Hoc|x86.ActiveCfg = Ad-Hoc|iPhone
		{287DAC4E-441A-4B6E-8264-4D44FD9C702D}.AppStore|Any CPU.ActiveCfg = AppStore|iPhone
		{287DAC4E-441A-4B6E-8264-4D44FD9C702D}.AppStore|ARM.ActiveCfg = AppStore|iPhone
		{287DAC4E-441A-4B6E-8264-4D44FD9C702D}.AppStore|iPhone.ActiveCfg = AppStore|iPhone
		{287DAC4E-441A-4B6E-8264-4D44FD9C702D}.AppStore|iPhone.Build.0 = AppStore|iPhone
		{287DAC4E-441A-4B6E-8264-4D44FD9C702D}.AppStore|iPhoneSimulator.ActiveCfg = AppStore|iPhoneSimulator
		{287DAC4E-441A-4B6E-8264-4D44FD9C702D}.AppStore|iPhoneSimulator.Build.0 = AppStore|iPhoneSimulator
		{287DAC4E-441A-4B6E-8264-4D44FD9C702D}.AppStore|x64.ActiveCfg = AppStore|iPhone
		{287DAC4E-441A-4B6E-8264-4D44FD9C702D}.AppStore|x86.ActiveCfg = AppStore|iPhone
		{287DAC4E-441A-4B6E-8264-4D44FD9C702D}.Debug|Any CPU.ActiveCfg = Debug|iPhone
		{287DAC4E-441A-4B6E-8264-4D44FD9C702D}.Debug|ARM.ActiveCfg = Debug|iPhone
		{287DAC4E-441A-4B6E-8264-4D44FD9C702D}.Debug|iPhone.ActiveCfg = Debug|iPhone
		{287DAC4E-441A-4B6E-8264-4D44FD9C702D}.Debug|iPhone.Build.0 = Debug|iPhone
		{287DAC4E-441A-4B6E-8264-4D44FD9C702D}.Debug|iPhoneSimulator.ActiveCfg = Debug|iPhoneSimulator
		{287DAC4E-441A-4B6E-8264-4D44FD9C702D}.Debug|iPhoneSimulator.Build.0 = Debug|iPhoneSimulator
		{287DAC4E-441A-4B6E-8264-4D44FD9C702D}.Debug|x64.ActiveCfg = Debug|iPhone
		{287DAC4E-441A-4B6E-8264-4D44FD9C702D}.Debug|x86.ActiveCfg = Debug|iPhone
		{287DAC4E-441A-4B6E-8264-4D44FD9C702D}.Release|Any CPU.ActiveCfg = Release|iPhone
		{287DAC4E-441A-4B6E-8264-4D44FD9C702D}.Release|ARM.ActiveCfg = Release|iPhone
		{287DAC4E-441A-4B6E-8264-4D44FD9C702D}.Release|iPhone.ActiveCfg = Release|iPhone
		{287DAC4E-441A-4B6E-8264-4D44FD9C702D}.Release|iPhone.Build.0 = Release|iPhone
		{287DAC4E-441A-4B6E-8264-4D44FD9C702D}.Release|iPhoneSimulator.ActiveCfg = Release|iPhoneSimulator
		{287DAC4E-441A-4B6E-8264-4D44FD9C702D}.Release|iPhoneSimulator.Build.0 = Release|iPhoneSimulator
		{287DAC4E-441A-4B6E-8264-4D44FD9C702D}.Release|x64.ActiveCfg = Release|iPhone
		{287DAC4E-441A-4B6E-8264-4D44FD9C702D}.Release|x86.ActiveCfg = Release|iPhone
		{AD366828-967E-4733-BDBB-300E25344A76}.Ad-Hoc|Any CPU.ActiveCfg = Release|x86
		{AD366828-967E-4733-BDBB-300E25344A76}.Ad-Hoc|Any CPU.Build.0 = Release|x86
		{AD366828-967E-4733-BDBB-300E25344A76}.Ad-Hoc|Any CPU.Deploy.0 = Release|x86
		{AD366828-967E-4733-BDBB-300E25344A76}.Ad-Hoc|ARM.ActiveCfg = Release|ARM
		{AD366828-967E-4733-BDBB-300E25344A76}.Ad-Hoc|ARM.Build.0 = Release|ARM
		{AD366828-967E-4733-BDBB-300E25344A76}.Ad-Hoc|ARM.Deploy.0 = Release|ARM
		{AD366828-967E-4733-BDBB-300E25344A76}.Ad-Hoc|iPhone.ActiveCfg = Release|x86
		{AD366828-967E-4733-BDBB-300E25344A76}.Ad-Hoc|iPhone.Build.0 = Release|x86
		{AD366828-967E-4733-BDBB-300E25344A76}.Ad-Hoc|iPhone.Deploy.0 = Release|x86
		{AD366828-967E-4733-BDBB-300E25344A76}.Ad-Hoc|iPhoneSimulator.ActiveCfg = Release|x86
		{AD366828-967E-4733-BDBB-300E25344A76}.Ad-Hoc|iPhoneSimulator.Build.0 = Release|x86
		{AD366828-967E-4733-BDBB-300E25344A76}.Ad-Hoc|iPhoneSimulator.Deploy.0 = Release|x86
		{AD366828-967E-4733-BDBB-300E25344A76}.Ad-Hoc|x64.ActiveCfg = Release|x64
		{AD366828-967E-4733-BDBB-300E25344A76}.Ad-Hoc|x64.Build.0 = Release|x64
		{AD366828-967E-4733-BDBB-300E25344A76}.Ad-Hoc|x64.Deploy.0 = Release|x64
		{AD366828-967E-4733-BDBB-300E25344A76}.Ad-Hoc|x86.ActiveCfg = Release|x86
		{AD366828-967E-4733-BDBB-300E25344A76}.Ad-Hoc|x86.Build.0 = Release|x86
		{AD366828-967E-4733-BDBB-300E25344A76}.Ad-Hoc|x86.Deploy.0 = Release|x86
		{AD366828-967E-4733-BDBB-300E25344A76}.AppStore|Any CPU.ActiveCfg = Release|x86
		{AD366828-967E-4733-BDBB-300E25344A76}.AppStore|Any CPU.Build.0 = Release|x86
		{AD366828-967E-4733-BDBB-300E25344A76}.AppStore|Any CPU.Deploy.0 = Release|x86
		{AD366828-967E-4733-BDBB-300E25344A76}.AppStore|ARM.ActiveCfg = Release|ARM
		{AD366828-967E-4733-BDBB-300E25344A76}.AppStore|ARM.Build.0 = Release|ARM
		{AD366828-967E-4733-BDBB-300E25344A76}.AppStore|ARM.Deploy.0 = Release|ARM
		{AD366828-967E-4733-BDBB-300E25344A76}.AppStore|iPhone.ActiveCfg = Release|x86
		{AD366828-967E-4733-BDBB-300E25344A76}.AppStore|iPhone.Build.0 = Release|x86
		{AD366828-967E-4733-BDBB-300E25344A76}.AppStore|iPhone.Deploy.0 = Release|x86
		{AD366828-967E-4733-BDBB-300E25344A76}.AppStore|iPhoneSimulator.ActiveCfg = Release|x86
		{AD366828-967E-4733-BDBB-300E25344A76}.AppStore|iPhoneSimulator.Build.0 = Release|x86
		{AD366828-967E-4733-BDBB-300E25344A76}.AppStore|iPhoneSimulator.Deploy.0 = Release|x86
		{AD366828-967E-4733-BDBB-300E25344A76}.AppStore|x64.ActiveCfg = Release|x64
		{AD366828-967E-4733-BDBB-300E25344A76}.AppStore|x64.Build.0 = Release|x64
		{AD366828-967E-4733-BDBB-300E25344A76}.AppStore|x64.Deploy.0 = Release|x64
		{AD366828-967E-4733-BDBB-300E25344A76}.AppStore|x86.ActiveCfg = Release|x86
		{AD366828-967E-4733-BDBB-300E25344A76}.AppStore|x86.Build.0 = Release|x86
		{AD366828-967E-4733-BDBB-300E25344A76}.AppStore|x86.Deploy.0 = Release|x86
		{AD366828-967E-4733-BDBB-300E25344A76}.Debug|Any CPU.ActiveCfg = Debug|x86
		{AD366828-967E-4733-BDBB-300E25344A76}.Debug|ARM.ActiveCfg = Debug|ARM
		{AD366828-967E-4733-BDBB-300E25344A76}.Debug|ARM.Build.0 = Debug|ARM
		{AD366828-967E-4733-BDBB-300E25344A76}.Debug|ARM.Deploy.0 = Debug|ARM
		{AD366828-967E-4733-BDBB-300E25344A76}.Debug|iPhone.ActiveCfg = Debug|x86
		{AD366828-967E-4733-BDBB-300E25344A76}.Debug|iPhoneSimulator.ActiveCfg = Debug|x86
		{AD366828-967E-4733-BDBB-300E25344A76}.Debug|x64.ActiveCfg = Debug|x64
		{AD366828-967E-4733-BDBB-300E25344A76}.Debug|x64.Build.0 = Debug|x64
		{AD366828-967E-4733-BDBB-300E25344A76}.Debug|x64.Deploy.0 = Debug|x64
		{AD366828-967E-4733-BDBB-300E25344A76}.Debug|x86.ActiveCfg = Debug|x86
		{AD366828-967E-4733-BDBB-300E25344A76}.Debug|x86.Build.0 = Debug|x86
		{AD366828-967E-4733-BDBB-300E25344A76}.Debug|x86.Deploy.0 = Debug|x86
		{AD366828-967E-4733-BDBB-300E25344A76}.Release|Any CPU.ActiveCfg = Release|x86
		{AD366828-967E-4733-BDBB-300E25344A76}.Release|ARM.ActiveCfg = Release|ARM
		{AD366828-967E-4733-BDBB-300E25344A76}.Release|ARM.Build.0 = Release|ARM
		{AD366828-967E-4733-BDBB-300E25344A76}.Release|ARM.Deploy.0 = Release|ARM
		{AD366828-967E-4733-BDBB-300E25344A76}.Release|iPhone.ActiveCfg = Release|x86
		{AD366828-967E-4733-BDBB-300E25344A76}.Release|iPhoneSimulator.ActiveCfg = Release|x86
		{AD366828-967E-4733-BDBB-300E25344A76}.Release|x64.ActiveCfg = Release|x64
		{AD366828-967E-4733-BDBB-300E25344A76}.Release|x64.Build.0 = Release|x64
		{AD366828-967E-4733-BDBB-300E25344A76}.Release|x64.Deploy.0 = Release|x64
		{AD366828-967E-4733-BDBB-300E25344A76}.Release|x86.ActiveCfg = Release|x86
		{AD366828-967E-4733-BDBB-300E25344A76}.Release|x86.Build.0 = Release|x86
		{AD366828-967E-4733-BDBB-300E25344A76}.Release|x86.Deploy.0 = Release|x86
		{7F0A731E-35CF-4B39-933A-EFBB84721590}.Ad-Hoc|Any CPU.ActiveCfg = Debug|Any CPU
		{7F0A731E-35CF-4B39-933A-EFBB84721590}.Ad-Hoc|Any CPU.Build.0 = Debug|Any CPU
		{7F0A731E-35CF-4B39-933A-EFBB84721590}.Ad-Hoc|ARM.ActiveCfg = Debug|Any CPU
		{7F0A731E-35CF-4B39-933A-EFBB84721590}.Ad-Hoc|ARM.Build.0 = Debug|Any CPU
		{7F0A731E-35CF-4B39-933A-EFBB84721590}.Ad-Hoc|iPhone.ActiveCfg = Debug|Any CPU
		{7F0A731E-35CF-4B39-933A-EFBB84721590}.Ad-Hoc|iPhone.Build.0 = Debug|Any CPU
		{7F0A731E-35CF-4B39-933A-EFBB84721590}.Ad-Hoc|iPhoneSimulator.ActiveCfg = Debug|Any CPU
		{7F0A731E-35CF-4B39-933A-EFBB84721590}.Ad-Hoc|iPhoneSimulator.Build.0 = Debug|Any CPU
		{7F0A731E-35CF-4B39-933A-EFBB84721590}.Ad-Hoc|x64.ActiveCfg = Debug|Any CPU
		{7F0A731E-35CF-4B39-933A-EFBB84721590}.Ad-Hoc|x64.Build.0 = Debug|Any CPU
		{7F0A731E-35CF-4B39-933A-EFBB84721590}.Ad-Hoc|x86.ActiveCfg = Debug|Any CPU
		{7F0A731E-35CF-4B39-933A-EFBB84721590}.Ad-Hoc|x86.Build.0 = Debug|Any CPU
		{7F0A731E-35CF-4B39-933A-EFBB84721590}.AppStore|Any CPU.ActiveCfg = Debug|Any CPU
		{7F0A731E-35CF-4B39-933A-EFBB84721590}.AppStore|Any CPU.Build.0 = Debug|Any CPU
		{7F0A731E-35CF-4B39-933A-EFBB84721590}.AppStore|ARM.ActiveCfg = Debug|Any CPU
		{7F0A731E-35CF-4B39-933A-EFBB84721590}.AppStore|ARM.Build.0 = Debug|Any CPU
		{7F0A731E-35CF-4B39-933A-EFBB84721590}.AppStore|iPhone.ActiveCfg = Debug|Any CPU
		{7F0A731E-35CF-4B39-933A-EFBB84721590}.AppStore|iPhone.Build.0 = Debug|Any CPU
		{7F0A731E-35CF-4B39-933A-EFBB84721590}.AppStore|iPhoneSimulator.ActiveCfg = Debug|Any CPU
		{7F0A731E-35CF-4B39-933A-EFBB84721590}.AppStore|iPhoneSimulator.Build.0 = Debug|Any CPU
		{7F0A731E-35CF-4B39-933A-EFBB84721590}.AppStore|x64.ActiveCfg = Debug|Any CPU
		{7F0A731E-35CF-4B39-933A-EFBB84721590}.AppStore|x64.Build.0 = Debug|Any CPU
		{7F0A731E-35CF-4B39-933A-EFBB84721590}.AppStore|x86.ActiveCfg = Debug|Any CPU
		{7F0A731E-35CF-4B39-933A-EFBB84721590}.AppStore|x86.Build.0 = Debug|Any CPU
		{7F0A731E-35CF-4B39-933A-EFBB84721590}.Debug|Any CPU.ActiveCfg = Debug|Any CPU
		{7F0A731E-35CF-4B39-933A-EFBB84721590}.Debug|Any CPU.Build.0 = Debug|Any CPU
		{7F0A731E-35CF-4B39-933A-EFBB84721590}.Debug|ARM.ActiveCfg = Debug|Any CPU
		{7F0A731E-35CF-4B39-933A-EFBB84721590}.Debug|ARM.Build.0 = Debug|Any CPU
		{7F0A731E-35CF-4B39-933A-EFBB84721590}.Debug|iPhone.ActiveCfg = Debug|Any CPU
		{7F0A731E-35CF-4B39-933A-EFBB84721590}.Debug|iPhone.Build.0 = Debug|Any CPU
		{7F0A731E-35CF-4B39-933A-EFBB84721590}.Debug|iPhoneSimulator.ActiveCfg = Debug|Any CPU
		{7F0A731E-35CF-4B39-933A-EFBB84721590}.Debug|iPhoneSimulator.Build.0 = Debug|Any CPU
		{7F0A731E-35CF-4B39-933A-EFBB84721590}.Debug|x64.ActiveCfg = Debug|Any CPU
		{7F0A731E-35CF-4B39-933A-EFBB84721590}.Debug|x64.Build.0 = Debug|Any CPU
		{7F0A731E-35CF-4B39-933A-EFBB84721590}.Debug|x86.ActiveCfg = Debug|Any CPU
		{7F0A731E-35CF-4B39-933A-EFBB84721590}.Debug|x86.Build.0 = Debug|Any CPU
		{7F0A731E-35CF-4B39-933A-EFBB84721590}.Release|Any CPU.ActiveCfg = Release|Any CPU
		{7F0A731E-35CF-4B39-933A-EFBB84721590}.Release|Any CPU.Build.0 = Release|Any CPU
		{7F0A731E-35CF-4B39-933A-EFBB84721590}.Release|ARM.ActiveCfg = Release|Any CPU
		{7F0A731E-35CF-4B39-933A-EFBB84721590}.Release|ARM.Build.0 = Release|Any CPU
		{7F0A731E-35CF-4B39-933A-EFBB84721590}.Release|iPhone.ActiveCfg = Release|Any CPU
		{7F0A731E-35CF-4B39-933A-EFBB84721590}.Release|iPhone.Build.0 = Release|Any CPU
		{7F0A731E-35CF-4B39-933A-EFBB84721590}.Release|iPhoneSimulator.ActiveCfg = Release|Any CPU
		{7F0A731E-35CF-4B39-933A-EFBB84721590}.Release|iPhoneSimulator.Build.0 = Release|Any CPU
		{7F0A731E-35CF-4B39-933A-EFBB84721590}.Release|x64.ActiveCfg = Release|Any CPU
		{7F0A731E-35CF-4B39-933A-EFBB84721590}.Release|x64.Build.0 = Release|Any CPU
		{7F0A731E-35CF-4B39-933A-EFBB84721590}.Release|x86.ActiveCfg = Release|Any CPU
		{7F0A731E-35CF-4B39-933A-EFBB84721590}.Release|x86.Build.0 = Release|Any CPU
	EndGlobalSection
	GlobalSection(SolutionProperties) = preSolution
		HideSolutionNode = FALSE
	EndGlobalSection
	GlobalSection(ExtensibilityGlobals) = postSolution
		SolutionGuid = {AE3F4364-C9FD-4C1F-B387-5450177D1F70}
	EndGlobalSection
EndGlobal
