
Microsoft Visual Studio Solution File, Format Version 12.00
# Visual Studio 15
VisualStudioVersion = 15.0.28307.960
MinimumVisualStudioVersion = 10.0.40219.1
Project("{FAE04EC0-301F-11D3-BF4B-00C04F79EFBC}") = "Meals", "Meals\Meals.csproj", "{71335E33-4EE9-4867-9628-761386119CCD}"
EndProject
Global
	GlobalSection(SolutionConfigurationPlatforms) = preSolution
		Debug|Any CPU = Debug|Any CPU
		Release|Any CPU = Release|Any CPU
	EndGlobalSection
	GlobalSection(ProjectConfigurationPlatforms) = postSolution
		{71335E33-4EE9-4867-9628-761386119CCD}.Debug|Any CPU.ActiveCfg = Debug|Any CPU
		{71335E33-4EE9-4867-9628-761386119CCD}.Debug|Any CPU.Build.0 = Debug|Any CPU
		{71335E33-4EE9-4867-9628-761386119CCD}.Release|Any CPU.ActiveCfg = Release|Any CPU
		{71335E33-4EE9-4867-9628-761386119CCD}.Release|Any CPU.Build.0 = Release|Any CPU
	EndGlobalSection
	GlobalSection(SolutionProperties) = preSolution
		HideSolutionNode = FALSE
	EndGlobalSection
	GlobalSection(ExtensibilityGlobals) = postSolution
		SolutionGuid = {AE3F4364-C9FD-4C1F-B387-5450177D1F70}
	EndGlobalSection
EndGlobal
